
Microsoft Visual Studio Solution File, Format Version 12.00
# Visual Studio Version 16
VisualStudioVersion = 16.0.33027.164
MinimumVisualStudioVersion = 10.0.40219.1
Project("{FAE04EC0-301F-11D3-BF4B-00C04F79EFBC}") = "AvaliacaoSofia", "AvaliacaoSofia\AvaliacaoSofia.csproj", "{1F2640B7-2588-4B03-AD74-22DC7C129A6C}"
EndProject
Global
	GlobalSection(SolutionConfigurationPlatforms) = preSolution
		Debug|Any CPU = Debug|Any CPU
		Release|Any CPU = Release|Any CPU
	EndGlobalSection
	GlobalSection(ProjectConfigurationPlatforms) = postSolution
		{1F2640B7-2588-4B03-AD74-22DC7C129A6C}.Debug|Any CPU.ActiveCfg = Debug|Any CPU
		{1F2640B7-2588-4B03-AD74-22DC7C129A6C}.Debug|Any CPU.Build.0 = Debug|Any CPU
		{1F2640B7-2588-4B03-AD74-22DC7C129A6C}.Release|Any CPU.ActiveCfg = Release|Any CPU
		{1F2640B7-2588-4B03-AD74-22DC7C129A6C}.Release|Any CPU.Build.0 = Release|Any CPU
	EndGlobalSection
	GlobalSection(SolutionProperties) = preSolution
		HideSolutionNode = FALSE
	EndGlobalSection
	GlobalSection(ExtensibilityGlobals) = postSolution
		SolutionGuid = {4F54C927-48D1-4090-BB75-21CC335C3D73}
	EndGlobalSection
EndGlobal
